
Microsoft Visual Studio Solution File, Format Version 12.00
# Visual Studio Version 16
VisualStudioVersion = 16.0.29911.84
MinimumVisualStudioVersion = 15.0.26124.0
Project("{FAE04EC0-301F-11D3-BF4B-00C04F79EFBC}") = "Domain", "Domain\Domain.csproj", "{9A3A4C0B-20FD-4501-A477-3579BEAF7BBA}"
EndProject
Project("{FAE04EC0-301F-11D3-BF4B-00C04F79EFBC}") = "Application", "Application\Application.csproj", "{A279554D-3D86-413A-AF93-18766E3089C7}"
EndProject
Project("{FAE04EC0-301F-11D3-BF4B-00C04F79EFBC}") = "Persistence", "Persistence\Persistence.csproj", "{7812A08D-6DCB-4C7F-81FE-441EA7CDF728}"
EndProject
Project("{FAE04EC0-301F-11D3-BF4B-00C04F79EFBC}") = "Infrastructure", "Infrastructure\Infrastructure.csproj", "{605534BD-E448-4A24-A98C-B9A8E96D1A30}"
EndProject
Project("{FAE04EC0-301F-11D3-BF4B-00C04F79EFBC}") = "API", "API\API.csproj", "{F69A0DC1-BC2E-4AF8-8A57-C80A2462E293}"
EndProject
Global
	GlobalSection(SolutionConfigurationPlatforms) = preSolution
		Debug|Any CPU = Debug|Any CPU
		Debug|x64 = Debug|x64
		Debug|x86 = Debug|x86
		Release|Any CPU = Release|Any CPU
		Release|x64 = Release|x64
		Release|x86 = Release|x86
	EndGlobalSection
	GlobalSection(ProjectConfigurationPlatforms) = postSolution
		{9A3A4C0B-20FD-4501-A477-3579BEAF7BBA}.Debug|Any CPU.ActiveCfg = Debug|Any CPU
		{9A3A4C0B-20FD-4501-A477-3579BEAF7BBA}.Debug|Any CPU.Build.0 = Debug|Any CPU
		{9A3A4C0B-20FD-4501-A477-3579BEAF7BBA}.Debug|x64.ActiveCfg = Debug|Any CPU
		{9A3A4C0B-20FD-4501-A477-3579BEAF7BBA}.Debug|x64.Build.0 = Debug|Any CPU
		{9A3A4C0B-20FD-4501-A477-3579BEAF7BBA}.Debug|x86.ActiveCfg = Debug|Any CPU
		{9A3A4C0B-20FD-4501-A477-3579BEAF7BBA}.Debug|x86.Build.0 = Debug|Any CPU
		{9A3A4C0B-20FD-4501-A477-3579BEAF7BBA}.Release|Any CPU.ActiveCfg = Release|Any CPU
		{9A3A4C0B-20FD-4501-A477-3579BEAF7BBA}.Release|Any CPU.Build.0 = Release|Any CPU
		{9A3A4C0B-20FD-4501-A477-3579BEAF7BBA}.Release|x64.ActiveCfg = Release|Any CPU
		{9A3A4C0B-20FD-4501-A477-3579BEAF7BBA}.Release|x64.Build.0 = Release|Any CPU
		{9A3A4C0B-20FD-4501-A477-3579BEAF7BBA}.Release|x86.ActiveCfg = Release|Any CPU
		{9A3A4C0B-20FD-4501-A477-3579BEAF7BBA}.Release|x86.Build.0 = Release|Any CPU
		{A279554D-3D86-413A-AF93-18766E3089C7}.Debug|Any CPU.ActiveCfg = Debug|Any CPU
		{A279554D-3D86-413A-AF93-18766E3089C7}.Debug|Any CPU.Build.0 = Debug|Any CPU
		{A279554D-3D86-413A-AF93-18766E3089C7}.Debug|x64.ActiveCfg = Debug|Any CPU
		{A279554D-3D86-413A-AF93-18766E3089C7}.Debug|x64.Build.0 = Debug|Any CPU
		{A279554D-3D86-413A-AF93-18766E3089C7}.Debug|x86.ActiveCfg = Debug|Any CPU
		{A279554D-3D86-413A-AF93-18766E3089C7}.Debug|x86.Build.0 = Debug|Any CPU
		{A279554D-3D86-413A-AF93-18766E3089C7}.Release|Any CPU.ActiveCfg = Release|Any CPU
		{A279554D-3D86-413A-AF93-18766E3089C7}.Release|Any CPU.Build.0 = Release|Any CPU
		{A279554D-3D86-413A-AF93-18766E3089C7}.Release|x64.ActiveCfg = Release|Any CPU
		{A279554D-3D86-413A-AF93-18766E3089C7}.Release|x64.Build.0 = Release|Any CPU
		{A279554D-3D86-413A-AF93-18766E3089C7}.Release|x86.ActiveCfg = Release|Any CPU
		{A279554D-3D86-413A-AF93-18766E3089C7}.Release|x86.Build.0 = Release|Any CPU
		{7812A08D-6DCB-4C7F-81FE-441EA7CDF728}.Debug|Any CPU.ActiveCfg = Debug|Any CPU
		{7812A08D-6DCB-4C7F-81FE-441EA7CDF728}.Debug|Any CPU.Build.0 = Debug|Any CPU
		{7812A08D-6DCB-4C7F-81FE-441EA7CDF728}.Debug|x64.ActiveCfg = Debug|Any CPU
		{7812A08D-6DCB-4C7F-81FE-441EA7CDF728}.Debug|x64.Build.0 = Debug|Any CPU
		{7812A08D-6DCB-4C7F-81FE-441EA7CDF728}.Debug|x86.ActiveCfg = Debug|Any CPU
		{7812A08D-6DCB-4C7F-81FE-441EA7CDF728}.Debug|x86.Build.0 = Debug|Any CPU
		{7812A08D-6DCB-4C7F-81FE-441EA7CDF728}.Release|Any CPU.ActiveCfg = Release|Any CPU
		{7812A08D-6DCB-4C7F-81FE-441EA7CDF728}.Release|Any CPU.Build.0 = Release|Any CPU
		{7812A08D-6DCB-4C7F-81FE-441EA7CDF728}.Release|x64.ActiveCfg = Release|Any CPU
		{7812A08D-6DCB-4C7F-81FE-441EA7CDF728}.Release|x64.Build.0 = Release|Any CPU
		{7812A08D-6DCB-4C7F-81FE-441EA7CDF728}.Release|x86.ActiveCfg = Release|Any CPU
		{7812A08D-6DCB-4C7F-81FE-441EA7CDF728}.Release|x86.Build.0 = Release|Any CPU
		{605534BD-E448-4A24-A98C-B9A8E96D1A30}.Debug|Any CPU.ActiveCfg = Debug|Any CPU
		{605534BD-E448-4A24-A98C-B9A8E96D1A30}.Debug|Any CPU.Build.0 = Debug|Any CPU
		{605534BD-E448-4A24-A98C-B9A8E96D1A30}.Debug|x64.ActiveCfg = Debug|Any CPU
		{605534BD-E448-4A24-A98C-B9A8E96D1A30}.Debug|x64.Build.0 = Debug|Any CPU
		{605534BD-E448-4A24-A98C-B9A8E96D1A30}.Debug|x86.ActiveCfg = Debug|Any CPU
		{605534BD-E448-4A24-A98C-B9A8E96D1A30}.Debug|x86.Build.0 = Debug|Any CPU
		{605534BD-E448-4A24-A98C-B9A8E96D1A30}.Release|Any CPU.ActiveCfg = Release|Any CPU
		{605534BD-E448-4A24-A98C-B9A8E96D1A30}.Release|Any CPU.Build.0 = Release|Any CPU
		{605534BD-E448-4A24-A98C-B9A8E96D1A30}.Release|x64.ActiveCfg = Release|Any CPU
		{605534BD-E448-4A24-A98C-B9A8E96D1A30}.Release|x64.Build.0 = Release|Any CPU
		{605534BD-E448-4A24-A98C-B9A8E96D1A30}.Release|x86.ActiveCfg = Release|Any CPU
		{605534BD-E448-4A24-A98C-B9A8E96D1A30}.Release|x86.Build.0 = Release|Any CPU
		{F69A0DC1-BC2E-4AF8-8A57-C80A2462E293}.Debug|Any CPU.ActiveCfg = Debug|Any CPU
		{F69A0DC1-BC2E-4AF8-8A57-C80A2462E293}.Debug|Any CPU.Build.0 = Debug|Any CPU
		{F69A0DC1-BC2E-4AF8-8A57-C80A2462E293}.Debug|x64.ActiveCfg = Debug|Any CPU
		{F69A0DC1-BC2E-4AF8-8A57-C80A2462E293}.Debug|x64.Build.0 = Debug|Any CPU
		{F69A0DC1-BC2E-4AF8-8A57-C80A2462E293}.Debug|x86.ActiveCfg = Debug|Any CPU
		{F69A0DC1-BC2E-4AF8-8A57-C80A2462E293}.Debug|x86.Build.0 = Debug|Any CPU
		{F69A0DC1-BC2E-4AF8-8A57-C80A2462E293}.Release|Any CPU.ActiveCfg = Release|Any CPU
		{F69A0DC1-BC2E-4AF8-8A57-C80A2462E293}.Release|Any CPU.Build.0 = Release|Any CPU
		{F69A0DC1-BC2E-4AF8-8A57-C80A2462E293}.Release|x64.ActiveCfg = Release|Any CPU
		{F69A0DC1-BC2E-4AF8-8A57-C80A2462E293}.Release|x64.Build.0 = Release|Any CPU
		{F69A0DC1-BC2E-4AF8-8A57-C80A2462E293}.Release|x86.ActiveCfg = Release|Any CPU
		{F69A0DC1-BC2E-4AF8-8A57-C80A2462E293}.Release|x86.Build.0 = Release|Any CPU
	EndGlobalSection
	GlobalSection(SolutionProperties) = preSolution
		HideSolutionNode = FALSE
	EndGlobalSection
	GlobalSection(ExtensibilityGlobals) = postSolution
		SolutionGuid = {D1404D96-F1BE-4B86-A291-5E86C0E97599}
	EndGlobalSection
EndGlobal
